<?xml version="1.0" encoding="utf-8"?>
<Project ToolsVersion="4.0" xmlns="http://schemas.microsoft.com/developer/msbuild/2003">
  <ItemGroup>
    <Filter Include="리소스 파일">
      <UniqueIdentifier>{67DA6AB6-F800-4c08-8B7A-83BB121AAD01}</UniqueIdentifier>
      <Extensions>rc;ico;cur;bmp;dlg;rc2;rct;bin;rgs;gif;jpg;jpeg;jpe;resx;tiff;tif;png;wav;mfcribbon-ms</Extensions>
    </Filter>
    <Filter Include="include">
      <UniqueIdentifier>{2fda23cb-1af1-4e75-a1f2-8b7de6440e67}</UniqueIdentifier>
    </Filter>
    <Filter Include="src">
      <UniqueIdentifier>{625f0f0f-f9d6-48fe-83f0-8da2152eb8b7}</UniqueIdentifier>
    </Filter>
    <Filter Include="include\redis">
      <UniqueIdentifier>{33045d1b-e926-4ab5-b074-a530e3257b8c}</UniqueIdentifier>
    </Filter>
    <Filter Include="src\redis">
      <UniqueIdentifier>{1e1c4101-7bd7-4f24-8ab0-9406e8f3cf41}</UniqueIdentifier>
    </Filter>
  </ItemGroup>
  <ItemGroup>
    <ClInclude Include="include\stdafx.h">
      <Filter>include</Filter>
    </ClInclude>
    <ClInclude Include="include\targetver.h">
      <Filter>include</Filter>
    </ClInclude>
    <ClInclude Include="include\redis\redis_connection.h">
      <Filter>include\Redis</Filter>
    </ClInclude>
    <ClInclude Include="include\redis\redis_parameter.h">
      <Filter>include\Redis</Filter>
    </ClInclude>
    <ClInclude Include="include\common\uuid.h" />
    <ClInclude Include="include\network\asio_server.h" />
    <ClInclude Include="include\network\common.h" />
    <ClInclude Include="include\network\Server.h" />
    <ClInclude Include="include\network\USession.h" />
  </ItemGroup>
  <ItemGroup>
    <ClCompile Include="src\stdafx.cpp">
      <Filter>src</Filter>
    </ClCompile>
    <ClCompile Include="src\redis\redis_connection.cpp">
      <Filter>src\Redis</Filter>
    </ClCompile>
    <ClCompile Include="src\common\uuid.cpp" />
    <ClCompile Include="src\network\asio_server.cpp" />
    <ClCompile Include="src\network\Server.cpp" />
    <ClCompile Include="src\network\USession.cpp" />
  </ItemGroup>
</Project>