<?xml version="1.0" encoding="utf-8"?>
<Project ToolsVersion="4.0" xmlns="http://schemas.microsoft.com/developer/msbuild/2003">
  <ItemGroup>
    <Filter Include="include">
      <UniqueIdentifier>{87da3e9d-3801-4b7c-8218-e30dec29e293}</UniqueIdentifier>
    </Filter>
    <Filter Include="src">
      <UniqueIdentifier>{6f514bc3-1b48-4eda-acaa-810b68a8c2c8}</UniqueIdentifier>
    </Filter>
    <Filter Include="include\common">
      <UniqueIdentifier>{2232c37f-0dc6-4ad7-bf89-3a7aa890dfd8}</UniqueIdentifier>
    </Filter>
    <Filter Include="include\session">
      <UniqueIdentifier>{fa59ad0a-1bd7-4402-9b08-06b9f2cf7cbb}</UniqueIdentifier>
    </Filter>
    <Filter Include="include\tcp">
      <UniqueIdentifier>{12691665-0d83-4057-8978-a76e388ecd00}</UniqueIdentifier>
    </Filter>
    <Filter Include="include\ucp">
      <UniqueIdentifier>{f6e3b962-9f52-430b-a47c-f224746e64f5}</UniqueIdentifier>
    </Filter>
    <Filter Include="include\server">
      <UniqueIdentifier>{e4949d51-7119-4011-a425-2774088699c2}</UniqueIdentifier>
    </Filter>
  </ItemGroup>
  <ItemGroup>
    <None Include="common.h">
      <Filter>include\common</Filter>
    </None>
  </ItemGroup>
  <ItemGroup>
    <ClCompile Include="asio_server.cpp">
      <Filter>include\tcp</Filter>
    </ClCompile>
    <ClCompile Include="testmain.cpp">
      <Filter>src</Filter>
    </ClCompile>
    <ClCompile Include="Server.cpp">
      <Filter>include\server</Filter>
    </ClCompile>
    <ClCompile Include="USession.cpp">
      <Filter>include\session</Filter>
    </ClCompile>
  </ItemGroup>
  <ItemGroup>
    <ClInclude Include="asio_server.h">
      <Filter>include\tcp</Filter>
    </ClInclude>
    <ClInclude Include="uuid.h">
      <Filter>include\common</Filter>
    </ClInclude>
    <ClInclude Include="Server.h">
      <Filter>include\server</Filter>
    </ClInclude>
    <ClInclude Include="USession.h">
      <Filter>include\session</Filter>
    </ClInclude>
  </ItemGroup>
</Project>