<?xml version="1.0" encoding="utf-8"?>
<Project ToolsVersion="4.0" xmlns="http://schemas.microsoft.com/developer/msbuild/2003">
  <ItemGroup>
    <Filter Include="소스 파일">
      <UniqueIdentifier>{4FC737F1-C7A5-4376-A066-2A32D752A2FF}</UniqueIdentifier>
      <Extensions>cpp;c;cc;cxx;def;odl;idl;hpj;bat;asm;asmx</Extensions>
    </Filter>
    <Filter Include="include">
      <UniqueIdentifier>{07cbdee7-0ba1-406f-b284-718170b92abe}</UniqueIdentifier>
    </Filter>
    <Filter Include="include\common">
      <UniqueIdentifier>{3633b53a-7b56-4bc1-af6b-50dbf7fa5b51}</UniqueIdentifier>
    </Filter>
    <Filter Include="include\TCPServer">
      <UniqueIdentifier>{c3535529-90ad-462f-bf91-de8e5ca323e0}</UniqueIdentifier>
    </Filter>
    <Filter Include="include\Session">
      <UniqueIdentifier>{2ddbb480-adf8-4b34-87e9-e64cafa40de5}</UniqueIdentifier>
    </Filter>
  </ItemGroup>
  <ItemGroup>
    <ClCompile Include="test.cpp">
      <Filter>소스 파일</Filter>
    </ClCompile>
    <ClCompile Include="TCPServer.cpp">
      <Filter>include\TCPServer</Filter>
    </ClCompile>
    <ClCompile Include="TestSession.cpp">
      <Filter>include\Session</Filter>
    </ClCompile>
    <ClCompile Include="testmain.cpp">
      <Filter>소스 파일</Filter>
    </ClCompile>
  </ItemGroup>
  <ItemGroup>
    <ClInclude Include="common.h">
      <Filter>include\common</Filter>
    </ClInclude>
    <ClInclude Include="TCPServer.h">
      <Filter>include\TCPServer</Filter>
    </ClInclude>
    <ClInclude Include="TestSession.h">
      <Filter>include\Session</Filter>
    </ClInclude>
  </ItemGroup>
</Project>